
Microsoft Visual Studio Solution File, Format Version 12.00
Project("{2150E333-8FDC-42A3-9474-1A3956D46DE8}") = "Services", "Services", "{38492D6B-C476-42D1-A5E2-6195CE4D71C7}"
EndProject
Project("{FAE04EC0-301F-11D3-BF4B-00C04F79EFBC}") = "Basket.API", "Services\Basket\Basket.API\Basket.API.csproj", "{899EA227-CCA0-454F-B6A8-6779D8DEF4EC}"
EndProject
Project("{2150E333-8FDC-42A3-9474-1A3956D46DE8}") = "Basket", "Basket", "{AE4DBEE8-37F9-446F-A7F3-AF283C511440}"
EndProject
Project("{2150E333-8FDC-42A3-9474-1A3956D46DE8}") = "Catalog", "Catalog", "{F804252A-1855-4BB3-A75A-DE795D48E81F}"
EndProject
Project("{FAE04EC0-301F-11D3-BF4B-00C04F79EFBC}") = "Catalog.API", "Services\Catalog\Catalog.API\Catalog.API.csproj", "{43F4E624-8A4D-4B1C-A23C-9EE4814FB989}"
EndProject
Project("{FAE04EC0-301F-11D3-BF4B-00C04F79EFBC}") = "Catalog.Domain", "Services\Catalog\Catalog.Domain\Catalog.Domain.csproj", "{3E21B63A-4178-41B8-AE0F-F67C1FCD4853}"
EndProject
Project("{FAE04EC0-301F-11D3-BF4B-00C04F79EFBC}") = "Catalog.Application", "Services\Catalog\Catalog.Application\Catalog.Application.csproj", "{97235F6E-BBE9-4384-97CE-A68586D15928}"
EndProject
Project("{FAE04EC0-301F-11D3-BF4B-00C04F79EFBC}") = "Catalog.Infrastructure", "Services\Catalog\Catalog.Infrastructure\Catalog.Infrastructure.csproj", "{0641987E-0FC7-4B48-83A7-CA69346F2FA1}"
EndProject
Project("{2150E333-8FDC-42A3-9474-1A3956D46DE8}") = "Benchmarks", "Benchmarks", "{94FA59F7-53E6-4085-A7A3-72B467C66BC5}"
EndProject
Project("{FAE04EC0-301F-11D3-BF4B-00C04F79EFBC}") = "Duplication.Recognition.Benchmark", "Benchmarks\Duplication.Recognition.Benchmark\Duplication.Recognition.Benchmark.csproj", "{E91C7A6B-7A6B-4AC1-8719-EA03657DA8E5}"
EndProject
Global
	GlobalSection(SolutionConfigurationPlatforms) = preSolution
		Debug|Any CPU = Debug|Any CPU
		Release|Any CPU = Release|Any CPU
	EndGlobalSection
	GlobalSection(NestedProjects) = preSolution
		{AE4DBEE8-37F9-446F-A7F3-AF283C511440} = {38492D6B-C476-42D1-A5E2-6195CE4D71C7}
		{899EA227-CCA0-454F-B6A8-6779D8DEF4EC} = {AE4DBEE8-37F9-446F-A7F3-AF283C511440}
		{F804252A-1855-4BB3-A75A-DE795D48E81F} = {38492D6B-C476-42D1-A5E2-6195CE4D71C7}
		{43F4E624-8A4D-4B1C-A23C-9EE4814FB989} = {F804252A-1855-4BB3-A75A-DE795D48E81F}
		{3E21B63A-4178-41B8-AE0F-F67C1FCD4853} = {F804252A-1855-4BB3-A75A-DE795D48E81F}
		{97235F6E-BBE9-4384-97CE-A68586D15928} = {F804252A-1855-4BB3-A75A-DE795D48E81F}
		{0641987E-0FC7-4B48-83A7-CA69346F2FA1} = {F804252A-1855-4BB3-A75A-DE795D48E81F}
		{E91C7A6B-7A6B-4AC1-8719-EA03657DA8E5} = {94FA59F7-53E6-4085-A7A3-72B467C66BC5}
	EndGlobalSection
	GlobalSection(ProjectConfigurationPlatforms) = postSolution
		{899EA227-CCA0-454F-B6A8-6779D8DEF4EC}.Debug|Any CPU.ActiveCfg = Debug|Any CPU
		{899EA227-CCA0-454F-B6A8-6779D8DEF4EC}.Debug|Any CPU.Build.0 = Debug|Any CPU
		{899EA227-CCA0-454F-B6A8-6779D8DEF4EC}.Release|Any CPU.ActiveCfg = Release|Any CPU
		{899EA227-CCA0-454F-B6A8-6779D8DEF4EC}.Release|Any CPU.Build.0 = Release|Any CPU
		{43F4E624-8A4D-4B1C-A23C-9EE4814FB989}.Debug|Any CPU.ActiveCfg = Debug|Any CPU
		{43F4E624-8A4D-4B1C-A23C-9EE4814FB989}.Debug|Any CPU.Build.0 = Debug|Any CPU
		{43F4E624-8A4D-4B1C-A23C-9EE4814FB989}.Release|Any CPU.ActiveCfg = Release|Any CPU
		{43F4E624-8A4D-4B1C-A23C-9EE4814FB989}.Release|Any CPU.Build.0 = Release|Any CPU
		{3E21B63A-4178-41B8-AE0F-F67C1FCD4853}.Debug|Any CPU.ActiveCfg = Debug|Any CPU
		{3E21B63A-4178-41B8-AE0F-F67C1FCD4853}.Debug|Any CPU.Build.0 = Debug|Any CPU
		{3E21B63A-4178-41B8-AE0F-F67C1FCD4853}.Release|Any CPU.ActiveCfg = Release|Any CPU
		{3E21B63A-4178-41B8-AE0F-F67C1FCD4853}.Release|Any CPU.Build.0 = Release|Any CPU
		{97235F6E-BBE9-4384-97CE-A68586D15928}.Debug|Any CPU.ActiveCfg = Debug|Any CPU
		{97235F6E-BBE9-4384-97CE-A68586D15928}.Debug|Any CPU.Build.0 = Debug|Any CPU
		{97235F6E-BBE9-4384-97CE-A68586D15928}.Release|Any CPU.ActiveCfg = Release|Any CPU
		{97235F6E-BBE9-4384-97CE-A68586D15928}.Release|Any CPU.Build.0 = Release|Any CPU
		{0641987E-0FC7-4B48-83A7-CA69346F2FA1}.Debug|Any CPU.ActiveCfg = Debug|Any CPU
		{0641987E-0FC7-4B48-83A7-CA69346F2FA1}.Debug|Any CPU.Build.0 = Debug|Any CPU
		{0641987E-0FC7-4B48-83A7-CA69346F2FA1}.Release|Any CPU.ActiveCfg = Release|Any CPU
		{0641987E-0FC7-4B48-83A7-CA69346F2FA1}.Release|Any CPU.Build.0 = Release|Any CPU
		{E91C7A6B-7A6B-4AC1-8719-EA03657DA8E5}.Debug|Any CPU.ActiveCfg = Debug|Any CPU
		{E91C7A6B-7A6B-4AC1-8719-EA03657DA8E5}.Debug|Any CPU.Build.0 = Debug|Any CPU
		{E91C7A6B-7A6B-4AC1-8719-EA03657DA8E5}.Release|Any CPU.ActiveCfg = Release|Any CPU
		{E91C7A6B-7A6B-4AC1-8719-EA03657DA8E5}.Release|Any CPU.Build.0 = Release|Any CPU
	EndGlobalSection
EndGlobal
