
Microsoft Visual Studio Solution File, Format Version 12.00
Project("{2150E333-8FDC-42A3-9474-1A3956D46DE8}") = "Services", "Services", "{38492D6B-C476-42D1-A5E2-6195CE4D71C7}"
	ProjectSection(SolutionItems) = preProject
		Services\docker-compose.yml = Services\docker-compose.yml
		Services\docker-compose.override.yml = Services\docker-compose.override.yml
	EndProjectSection
EndProject
Project("{FAE04EC0-301F-11D3-BF4B-00C04F79EFBC}") = "Basket.API", "Services\Basket\Basket.API\Basket.API.csproj", "{899EA227-CCA0-454F-B6A8-6779D8DEF4EC}"
EndProject
Project("{2150E333-8FDC-42A3-9474-1A3956D46DE8}") = "Basket", "Basket", "{AE4DBEE8-37F9-446F-A7F3-AF283C511440}"
EndProject
Project("{2150E333-8FDC-42A3-9474-1A3956D46DE8}") = "Catalog", "Catalog", "{F804252A-1855-4BB3-A75A-DE795D48E81F}"
EndProject
Project("{FAE04EC0-301F-11D3-BF4B-00C04F79EFBC}") = "Catalog.API", "Services\Catalog\Catalog.API\Catalog.API.csproj", "{43F4E624-8A4D-4B1C-A23C-9EE4814FB989}"
EndProject
Project("{FAE04EC0-301F-11D3-BF4B-00C04F79EFBC}") = "Catalog.Domain", "Services\Catalog\Catalog.Domain\Catalog.Domain.csproj", "{3E21B63A-4178-41B8-AE0F-F67C1FCD4853}"
EndProject
Project("{FAE04EC0-301F-11D3-BF4B-00C04F79EFBC}") = "Catalog.Application", "Services\Catalog\Catalog.Application\Catalog.Application.csproj", "{97235F6E-BBE9-4384-97CE-A68586D15928}"
EndProject
Project("{FAE04EC0-301F-11D3-BF4B-00C04F79EFBC}") = "Catalog.Infrastructure", "Services\Catalog\Catalog.Infrastructure\Catalog.Infrastructure.csproj", "{0641987E-0FC7-4B48-83A7-CA69346F2FA1}"
EndProject
Project("{2150E333-8FDC-42A3-9474-1A3956D46DE8}") = "Benchmarks", "Benchmarks", "{94FA59F7-53E6-4085-A7A3-72B467C66BC5}"
EndProject
Project("{FAE04EC0-301F-11D3-BF4B-00C04F79EFBC}") = "Duplication.Recognition.Benchmark", "Benchmarks\Duplication.Recognition.Benchmark\Duplication.Recognition.Benchmark.csproj", "{E91C7A6B-7A6B-4AC1-8719-EA03657DA8E5}"
EndProject
Project("{FAE04EC0-301F-11D3-BF4B-00C04F79EFBC}") = "Catalog.Presentation", "Services\Catalog\Catalog.Presentation\Catalog.Presentation.csproj", "{ABA6CA77-3E6B-47E3-9140-3DA3F222BAF9}"
EndProject
Project("{2150E333-8FDC-42A3-9474-1A3956D46DE8}") = "Ordering", "Ordering", "{E7AA990A-C9BE-4813-83EA-FCD1B62F8224}"
EndProject
Project("{FAE04EC0-301F-11D3-BF4B-00C04F79EFBC}") = "Ordering.Domain", "Services\Ordering\Ordering.Domain\Ordering.Domain.csproj", "{F842D765-493E-4F60-ABD4-37FAED9B89A3}"
EndProject
Project("{FAE04EC0-301F-11D3-BF4B-00C04F79EFBC}") = "Ordering.Infrastructure", "Services\Ordering\Ordering.Infrastructure\Ordering.Infrastructure.csproj", "{F7F486E8-3FB6-4AA2-93CE-58956D816EB1}"
EndProject
Project("{FAE04EC0-301F-11D3-BF4B-00C04F79EFBC}") = "Ordering.Application", "Services\Ordering\Ordering.Application\Ordering.Application.csproj", "{A0B1028A-055A-4CEC-96C3-FEC605D12FE6}"
EndProject
Project("{FAE04EC0-301F-11D3-BF4B-00C04F79EFBC}") = "Ordering.Contracts", "Services\Ordering\Ordering.Contracts\Ordering.Contracts.csproj", "{DC9FDD9F-0933-41FD-BA0F-9880698FFE2C}"
EndProject
Project("{2150E333-8FDC-42A3-9474-1A3956D46DE8}") = "Tests", "Tests", "{19EDE356-07A5-457A-9633-B9728E473A0A}"
EndProject
Project("{2150E333-8FDC-42A3-9474-1A3956D46DE8}") = "Ordering", "Ordering", "{099E7683-B5E1-474D-9CC0-C5B1ACF921EF}"
EndProject
Project("{FAE04EC0-301F-11D3-BF4B-00C04F79EFBC}") = "Ordering.ArchitectureTests", "Ordering.ArchitectureTests\Ordering.ArchitectureTests.csproj", "{F3F0FBFB-7E75-48A3-9137-1DA73A365798}"
EndProject
Project("{2150E333-8FDC-42A3-9474-1A3956D46DE8}") = "Core", "Core", "{DE536D59-E23F-4A50-AA49-36DF6A40FB24}"
EndProject
Project("{FAE04EC0-301F-11D3-BF4B-00C04F79EFBC}") = "Core", "Services\Core\Core.csproj", "{8683ACEA-5291-438C-ACEB-79D65031603B}"
EndProject
Project("{FAE04EC0-301F-11D3-BF4B-00C04F79EFBC}") = "Ordering.Presentation", "Services\Ordering\Ordering.Presentation\Ordering.Presentation.csproj", "{00945A67-3630-42F3-B1C3-AF87CC8E843A}"
EndProject
Project("{FAE04EC0-301F-11D3-BF4B-00C04F79EFBC}") = "Ordering.WebApi", "Services\Ordering\Ordering.WebApi\Ordering.WebApi.csproj", "{30BE5BD0-3A08-47FC-9698-4664D219A979}"
EndProject
Global
	GlobalSection(SolutionConfigurationPlatforms) = preSolution
		Debug|Any CPU = Debug|Any CPU
		Release|Any CPU = Release|Any CPU
	EndGlobalSection
	GlobalSection(NestedProjects) = preSolution
		{AE4DBEE8-37F9-446F-A7F3-AF283C511440} = {38492D6B-C476-42D1-A5E2-6195CE4D71C7}
		{899EA227-CCA0-454F-B6A8-6779D8DEF4EC} = {AE4DBEE8-37F9-446F-A7F3-AF283C511440}
		{F804252A-1855-4BB3-A75A-DE795D48E81F} = {38492D6B-C476-42D1-A5E2-6195CE4D71C7}
		{43F4E624-8A4D-4B1C-A23C-9EE4814FB989} = {F804252A-1855-4BB3-A75A-DE795D48E81F}
		{3E21B63A-4178-41B8-AE0F-F67C1FCD4853} = {F804252A-1855-4BB3-A75A-DE795D48E81F}
		{97235F6E-BBE9-4384-97CE-A68586D15928} = {F804252A-1855-4BB3-A75A-DE795D48E81F}
		{0641987E-0FC7-4B48-83A7-CA69346F2FA1} = {F804252A-1855-4BB3-A75A-DE795D48E81F}
		{E91C7A6B-7A6B-4AC1-8719-EA03657DA8E5} = {94FA59F7-53E6-4085-A7A3-72B467C66BC5}
		{ABA6CA77-3E6B-47E3-9140-3DA3F222BAF9} = {F804252A-1855-4BB3-A75A-DE795D48E81F}
		{E7AA990A-C9BE-4813-83EA-FCD1B62F8224} = {38492D6B-C476-42D1-A5E2-6195CE4D71C7}
		{F842D765-493E-4F60-ABD4-37FAED9B89A3} = {E7AA990A-C9BE-4813-83EA-FCD1B62F8224}
		{F7F486E8-3FB6-4AA2-93CE-58956D816EB1} = {E7AA990A-C9BE-4813-83EA-FCD1B62F8224}
		{A0B1028A-055A-4CEC-96C3-FEC605D12FE6} = {E7AA990A-C9BE-4813-83EA-FCD1B62F8224}
		{DC9FDD9F-0933-41FD-BA0F-9880698FFE2C} = {E7AA990A-C9BE-4813-83EA-FCD1B62F8224}
		{099E7683-B5E1-474D-9CC0-C5B1ACF921EF} = {19EDE356-07A5-457A-9633-B9728E473A0A}
		{F3F0FBFB-7E75-48A3-9137-1DA73A365798} = {099E7683-B5E1-474D-9CC0-C5B1ACF921EF}
		{DE536D59-E23F-4A50-AA49-36DF6A40FB24} = {38492D6B-C476-42D1-A5E2-6195CE4D71C7}
		{8683ACEA-5291-438C-ACEB-79D65031603B} = {DE536D59-E23F-4A50-AA49-36DF6A40FB24}
		{00945A67-3630-42F3-B1C3-AF87CC8E843A} = {E7AA990A-C9BE-4813-83EA-FCD1B62F8224}
		{30BE5BD0-3A08-47FC-9698-4664D219A979} = {E7AA990A-C9BE-4813-83EA-FCD1B62F8224}
		{19EDE356-07A5-457A-9633-B9728E473A0A} = {38492D6B-C476-42D1-A5E2-6195CE4D71C7}
	EndGlobalSection
	GlobalSection(ProjectConfigurationPlatforms) = postSolution
		{899EA227-CCA0-454F-B6A8-6779D8DEF4EC}.Debug|Any CPU.ActiveCfg = Debug|Any CPU
		{899EA227-CCA0-454F-B6A8-6779D8DEF4EC}.Debug|Any CPU.Build.0 = Debug|Any CPU
		{899EA227-CCA0-454F-B6A8-6779D8DEF4EC}.Release|Any CPU.ActiveCfg = Release|Any CPU
		{899EA227-CCA0-454F-B6A8-6779D8DEF4EC}.Release|Any CPU.Build.0 = Release|Any CPU
		{43F4E624-8A4D-4B1C-A23C-9EE4814FB989}.Debug|Any CPU.ActiveCfg = Debug|Any CPU
		{43F4E624-8A4D-4B1C-A23C-9EE4814FB989}.Debug|Any CPU.Build.0 = Debug|Any CPU
		{43F4E624-8A4D-4B1C-A23C-9EE4814FB989}.Release|Any CPU.ActiveCfg = Release|Any CPU
		{43F4E624-8A4D-4B1C-A23C-9EE4814FB989}.Release|Any CPU.Build.0 = Release|Any CPU
		{3E21B63A-4178-41B8-AE0F-F67C1FCD4853}.Debug|Any CPU.ActiveCfg = Debug|Any CPU
		{3E21B63A-4178-41B8-AE0F-F67C1FCD4853}.Debug|Any CPU.Build.0 = Debug|Any CPU
		{3E21B63A-4178-41B8-AE0F-F67C1FCD4853}.Release|Any CPU.ActiveCfg = Release|Any CPU
		{3E21B63A-4178-41B8-AE0F-F67C1FCD4853}.Release|Any CPU.Build.0 = Release|Any CPU
		{97235F6E-BBE9-4384-97CE-A68586D15928}.Debug|Any CPU.ActiveCfg = Debug|Any CPU
		{97235F6E-BBE9-4384-97CE-A68586D15928}.Debug|Any CPU.Build.0 = Debug|Any CPU
		{97235F6E-BBE9-4384-97CE-A68586D15928}.Release|Any CPU.ActiveCfg = Release|Any CPU
		{97235F6E-BBE9-4384-97CE-A68586D15928}.Release|Any CPU.Build.0 = Release|Any CPU
		{0641987E-0FC7-4B48-83A7-CA69346F2FA1}.Debug|Any CPU.ActiveCfg = Debug|Any CPU
		{0641987E-0FC7-4B48-83A7-CA69346F2FA1}.Debug|Any CPU.Build.0 = Debug|Any CPU
		{0641987E-0FC7-4B48-83A7-CA69346F2FA1}.Release|Any CPU.ActiveCfg = Release|Any CPU
		{0641987E-0FC7-4B48-83A7-CA69346F2FA1}.Release|Any CPU.Build.0 = Release|Any CPU
		{E91C7A6B-7A6B-4AC1-8719-EA03657DA8E5}.Debug|Any CPU.ActiveCfg = Debug|Any CPU
		{E91C7A6B-7A6B-4AC1-8719-EA03657DA8E5}.Debug|Any CPU.Build.0 = Debug|Any CPU
		{E91C7A6B-7A6B-4AC1-8719-EA03657DA8E5}.Release|Any CPU.ActiveCfg = Release|Any CPU
		{E91C7A6B-7A6B-4AC1-8719-EA03657DA8E5}.Release|Any CPU.Build.0 = Release|Any CPU
		{ABA6CA77-3E6B-47E3-9140-3DA3F222BAF9}.Debug|Any CPU.ActiveCfg = Debug|Any CPU
		{ABA6CA77-3E6B-47E3-9140-3DA3F222BAF9}.Debug|Any CPU.Build.0 = Debug|Any CPU
		{ABA6CA77-3E6B-47E3-9140-3DA3F222BAF9}.Release|Any CPU.ActiveCfg = Release|Any CPU
		{ABA6CA77-3E6B-47E3-9140-3DA3F222BAF9}.Release|Any CPU.Build.0 = Release|Any CPU
		{F842D765-493E-4F60-ABD4-37FAED9B89A3}.Debug|Any CPU.ActiveCfg = Debug|Any CPU
		{F842D765-493E-4F60-ABD4-37FAED9B89A3}.Debug|Any CPU.Build.0 = Debug|Any CPU
		{F842D765-493E-4F60-ABD4-37FAED9B89A3}.Release|Any CPU.ActiveCfg = Release|Any CPU
		{F842D765-493E-4F60-ABD4-37FAED9B89A3}.Release|Any CPU.Build.0 = Release|Any CPU
		{F7F486E8-3FB6-4AA2-93CE-58956D816EB1}.Debug|Any CPU.ActiveCfg = Debug|Any CPU
		{F7F486E8-3FB6-4AA2-93CE-58956D816EB1}.Debug|Any CPU.Build.0 = Debug|Any CPU
		{F7F486E8-3FB6-4AA2-93CE-58956D816EB1}.Release|Any CPU.ActiveCfg = Release|Any CPU
		{F7F486E8-3FB6-4AA2-93CE-58956D816EB1}.Release|Any CPU.Build.0 = Release|Any CPU
		{A0B1028A-055A-4CEC-96C3-FEC605D12FE6}.Debug|Any CPU.ActiveCfg = Debug|Any CPU
		{A0B1028A-055A-4CEC-96C3-FEC605D12FE6}.Debug|Any CPU.Build.0 = Debug|Any CPU
		{A0B1028A-055A-4CEC-96C3-FEC605D12FE6}.Release|Any CPU.ActiveCfg = Release|Any CPU
		{A0B1028A-055A-4CEC-96C3-FEC605D12FE6}.Release|Any CPU.Build.0 = Release|Any CPU
		{DC9FDD9F-0933-41FD-BA0F-9880698FFE2C}.Debug|Any CPU.ActiveCfg = Debug|Any CPU
		{DC9FDD9F-0933-41FD-BA0F-9880698FFE2C}.Debug|Any CPU.Build.0 = Debug|Any CPU
		{DC9FDD9F-0933-41FD-BA0F-9880698FFE2C}.Release|Any CPU.ActiveCfg = Release|Any CPU
		{DC9FDD9F-0933-41FD-BA0F-9880698FFE2C}.Release|Any CPU.Build.0 = Release|Any CPU
		{F3F0FBFB-7E75-48A3-9137-1DA73A365798}.Debug|Any CPU.ActiveCfg = Debug|Any CPU
		{F3F0FBFB-7E75-48A3-9137-1DA73A365798}.Debug|Any CPU.Build.0 = Debug|Any CPU
		{F3F0FBFB-7E75-48A3-9137-1DA73A365798}.Release|Any CPU.ActiveCfg = Release|Any CPU
		{F3F0FBFB-7E75-48A3-9137-1DA73A365798}.Release|Any CPU.Build.0 = Release|Any CPU
		{8683ACEA-5291-438C-ACEB-79D65031603B}.Debug|Any CPU.ActiveCfg = Debug|Any CPU
		{8683ACEA-5291-438C-ACEB-79D65031603B}.Debug|Any CPU.Build.0 = Debug|Any CPU
		{8683ACEA-5291-438C-ACEB-79D65031603B}.Release|Any CPU.ActiveCfg = Release|Any CPU
		{8683ACEA-5291-438C-ACEB-79D65031603B}.Release|Any CPU.Build.0 = Release|Any CPU
		{00945A67-3630-42F3-B1C3-AF87CC8E843A}.Debug|Any CPU.ActiveCfg = Debug|Any CPU
		{00945A67-3630-42F3-B1C3-AF87CC8E843A}.Debug|Any CPU.Build.0 = Debug|Any CPU
		{00945A67-3630-42F3-B1C3-AF87CC8E843A}.Release|Any CPU.ActiveCfg = Release|Any CPU
		{00945A67-3630-42F3-B1C3-AF87CC8E843A}.Release|Any CPU.Build.0 = Release|Any CPU
		{30BE5BD0-3A08-47FC-9698-4664D219A979}.Debug|Any CPU.ActiveCfg = Debug|Any CPU
		{30BE5BD0-3A08-47FC-9698-4664D219A979}.Debug|Any CPU.Build.0 = Debug|Any CPU
		{30BE5BD0-3A08-47FC-9698-4664D219A979}.Release|Any CPU.ActiveCfg = Release|Any CPU
		{30BE5BD0-3A08-47FC-9698-4664D219A979}.Release|Any CPU.Build.0 = Release|Any CPU
	EndGlobalSection
EndGlobal
